
Microsoft Visual Studio Solution File, Format Version 12.00
Project("{2150E333-8FDC-42A3-9474-1A3956D46DE8}") = "src", "src", "{8746650D-6D08-4715-A85A-C0D5B536A76A}"
EndProject
Project("{2150E333-8FDC-42A3-9474-1A3956D46DE8}") = "Api", "Api", "{D2DFF27C-3CAE-40C5-ACEB-BA30F8C1C2E8}"
EndProject
Project("{2150E333-8FDC-42A3-9474-1A3956D46DE8}") = "Core", "Core", "{67508565-A9AE-415E-B536-28FEF0C716C1}"
EndProject
Project("{2150E333-8FDC-42A3-9474-1A3956D46DE8}") = "Infrastructure", "Infrastructure", "{9591434B-A232-4396-9362-54C117B48520}"
EndProject
Project("{2150E333-8FDC-42A3-9474-1A3956D46DE8}") = "WebApi", "WebApi", "{925868CB-7B0D-4AEF-A86C-E9D0D81033F5}"
EndProject
Project("{2150E333-8FDC-42A3-9474-1A3956D46DE8}") = "Clients", "Clients", "{934EA919-32DF-4A10-B6C1-8D8A137F58A3}"
EndProject
Project("{2150E333-8FDC-42A3-9474-1A3956D46DE8}") = "BlazorWeb", "BlazorWeb", "{20343CD6-E5B0-4946-BB28-FB1E37311CAF}"
EndProject
Project("{2150E333-8FDC-42A3-9474-1A3956D46DE8}") = "Common", "Common", "{D7A72498-D2BB-48B5-B4D3-EABBE4886F22}"
EndProject
Project("{2150E333-8FDC-42A3-9474-1A3956D46DE8}") = "Projections", "Projections", "{03AD8192-031F-4CD1-820F-95EC513DB239}"
EndProject
Project("{FAE04EC0-301F-11D3-BF4B-00C04F79EFBC}") = "BlazorSozluk.Common", "src\Common\BlazorSozluk.Common\BlazorSozluk.Common.csproj", "{BDCD3D4F-ECD4-4F9B-B3A3-F1F07AEBFE38}"
EndProject
Project("{FAE04EC0-301F-11D3-BF4B-00C04F79EFBC}") = "BlazorSozluk.Api.Domain", "src\Api\Core\BlazorSozluk.Api.Domain\BlazorSozluk.Api.Domain.csproj", "{BC228EEE-9FDF-4D4F-A37E-BE86C925CAC2}"
EndProject
Project("{FAE04EC0-301F-11D3-BF4B-00C04F79EFBC}") = "BlazorSozluk.Api.Application", "src\Api\Core\BlazorSozluk.Api.Application\BlazorSozluk.Api.Application.csproj", "{3DBAA79B-22B8-47D4-803D-8ECA25CF1308}"
EndProject
Project("{FAE04EC0-301F-11D3-BF4B-00C04F79EFBC}") = "BlazorSozluk.Infrastructure.Persistence", "src\Api\Infrastructure\BlazorSozluk.Infrastructure.Persistence\BlazorSozluk.Infrastructure.Persistence.csproj", "{5BF0DE2E-1741-4C06-9369-DB47467869F1}"
EndProject
Project("{FAE04EC0-301F-11D3-BF4B-00C04F79EFBC}") = "BlazorSozluk.Api.WebApi", "src\Api\WebApi\BlazorSozluk.Api.WebApi\BlazorSozluk.Api.WebApi.csproj", "{ADA236B6-AA20-47A4-8186-F530EDB06D51}"
EndProject
Project("{FAE04EC0-301F-11D3-BF4B-00C04F79EFBC}") = "BlazorSozluk.Projections.FavoriteService", "src\Projections\BlazorSozluk.Projections.FavoriteService\BlazorSozluk.Projections.FavoriteService.csproj", "{F423993A-D734-4E35-AE9C-898DACFB5148}"
EndProject
Project("{FAE04EC0-301F-11D3-BF4B-00C04F79EFBC}") = "BlazorSozluk.Projections.User", "src\Projections\BlazorSozluk.Projections.User\BlazorSozluk.Projections.User.csproj", "{F2D2902E-2CB5-4EEB-834D-5A8C0422C9EF}"
EndProject
Project("{FAE04EC0-301F-11D3-BF4B-00C04F79EFBC}") = "BlazorSozluk.Projections.VoteService", "src\Projections\BlazorSozluk.Projections.VoteService\BlazorSozluk.Projections.VoteService.csproj", "{1979F19E-C968-4978-A453-D99585A12E6B}"
EndProject
Project("{FAE04EC0-301F-11D3-BF4B-00C04F79EFBC}") = "BlazorSozluk.WebApp", "src\Clients\BlazorWeb\BlazorSozluk.WebApp\BlazorSozluk.WebApp.csproj", "{CF7709EE-B6FC-4912-B4FC-B4276BB14681}"
EndProject
Global
	GlobalSection(SolutionConfigurationPlatforms) = preSolution
		Debug|Any CPU = Debug|Any CPU
		Release|Any CPU = Release|Any CPU
	EndGlobalSection
	GlobalSection(NestedProjects) = preSolution
		{D2DFF27C-3CAE-40C5-ACEB-BA30F8C1C2E8} = {8746650D-6D08-4715-A85A-C0D5B536A76A}
		{67508565-A9AE-415E-B536-28FEF0C716C1} = {D2DFF27C-3CAE-40C5-ACEB-BA30F8C1C2E8}
		{9591434B-A232-4396-9362-54C117B48520} = {D2DFF27C-3CAE-40C5-ACEB-BA30F8C1C2E8}
		{925868CB-7B0D-4AEF-A86C-E9D0D81033F5} = {D2DFF27C-3CAE-40C5-ACEB-BA30F8C1C2E8}
		{934EA919-32DF-4A10-B6C1-8D8A137F58A3} = {8746650D-6D08-4715-A85A-C0D5B536A76A}
		{20343CD6-E5B0-4946-BB28-FB1E37311CAF} = {934EA919-32DF-4A10-B6C1-8D8A137F58A3}
		{D7A72498-D2BB-48B5-B4D3-EABBE4886F22} = {8746650D-6D08-4715-A85A-C0D5B536A76A}
		{03AD8192-031F-4CD1-820F-95EC513DB239} = {8746650D-6D08-4715-A85A-C0D5B536A76A}
		{BDCD3D4F-ECD4-4F9B-B3A3-F1F07AEBFE38} = {D7A72498-D2BB-48B5-B4D3-EABBE4886F22}
		{BC228EEE-9FDF-4D4F-A37E-BE86C925CAC2} = {67508565-A9AE-415E-B536-28FEF0C716C1}
		{3DBAA79B-22B8-47D4-803D-8ECA25CF1308} = {67508565-A9AE-415E-B536-28FEF0C716C1}
		{5BF0DE2E-1741-4C06-9369-DB47467869F1} = {9591434B-A232-4396-9362-54C117B48520}
		{ADA236B6-AA20-47A4-8186-F530EDB06D51} = {925868CB-7B0D-4AEF-A86C-E9D0D81033F5}
		{F423993A-D734-4E35-AE9C-898DACFB5148} = {03AD8192-031F-4CD1-820F-95EC513DB239}
		{F2D2902E-2CB5-4EEB-834D-5A8C0422C9EF} = {03AD8192-031F-4CD1-820F-95EC513DB239}
		{1979F19E-C968-4978-A453-D99585A12E6B} = {03AD8192-031F-4CD1-820F-95EC513DB239}
		{CF7709EE-B6FC-4912-B4FC-B4276BB14681} = {20343CD6-E5B0-4946-BB28-FB1E37311CAF}
	EndGlobalSection
	GlobalSection(ProjectConfigurationPlatforms) = postSolution
		{BDCD3D4F-ECD4-4F9B-B3A3-F1F07AEBFE38}.Debug|Any CPU.ActiveCfg = Debug|Any CPU
		{BDCD3D4F-ECD4-4F9B-B3A3-F1F07AEBFE38}.Debug|Any CPU.Build.0 = Debug|Any CPU
		{BDCD3D4F-ECD4-4F9B-B3A3-F1F07AEBFE38}.Release|Any CPU.ActiveCfg = Release|Any CPU
		{BDCD3D4F-ECD4-4F9B-B3A3-F1F07AEBFE38}.Release|Any CPU.Build.0 = Release|Any CPU
		{BC228EEE-9FDF-4D4F-A37E-BE86C925CAC2}.Debug|Any CPU.ActiveCfg = Debug|Any CPU
		{BC228EEE-9FDF-4D4F-A37E-BE86C925CAC2}.Debug|Any CPU.Build.0 = Debug|Any CPU
		{BC228EEE-9FDF-4D4F-A37E-BE86C925CAC2}.Release|Any CPU.ActiveCfg = Release|Any CPU
		{BC228EEE-9FDF-4D4F-A37E-BE86C925CAC2}.Release|Any CPU.Build.0 = Release|Any CPU
		{3DBAA79B-22B8-47D4-803D-8ECA25CF1308}.Debug|Any CPU.ActiveCfg = Debug|Any CPU
		{3DBAA79B-22B8-47D4-803D-8ECA25CF1308}.Debug|Any CPU.Build.0 = Debug|Any CPU
		{3DBAA79B-22B8-47D4-803D-8ECA25CF1308}.Release|Any CPU.ActiveCfg = Release|Any CPU
		{3DBAA79B-22B8-47D4-803D-8ECA25CF1308}.Release|Any CPU.Build.0 = Release|Any CPU
		{5BF0DE2E-1741-4C06-9369-DB47467869F1}.Debug|Any CPU.ActiveCfg = Debug|Any CPU
		{5BF0DE2E-1741-4C06-9369-DB47467869F1}.Debug|Any CPU.Build.0 = Debug|Any CPU
		{5BF0DE2E-1741-4C06-9369-DB47467869F1}.Release|Any CPU.ActiveCfg = Release|Any CPU
		{5BF0DE2E-1741-4C06-9369-DB47467869F1}.Release|Any CPU.Build.0 = Release|Any CPU
		{ADA236B6-AA20-47A4-8186-F530EDB06D51}.Debug|Any CPU.ActiveCfg = Debug|Any CPU
		{ADA236B6-AA20-47A4-8186-F530EDB06D51}.Debug|Any CPU.Build.0 = Debug|Any CPU
		{ADA236B6-AA20-47A4-8186-F530EDB06D51}.Release|Any CPU.ActiveCfg = Release|Any CPU
		{ADA236B6-AA20-47A4-8186-F530EDB06D51}.Release|Any CPU.Build.0 = Release|Any CPU
		{F423993A-D734-4E35-AE9C-898DACFB5148}.Debug|Any CPU.ActiveCfg = Debug|Any CPU
		{F423993A-D734-4E35-AE9C-898DACFB5148}.Debug|Any CPU.Build.0 = Debug|Any CPU
		{F423993A-D734-4E35-AE9C-898DACFB5148}.Release|Any CPU.ActiveCfg = Release|Any CPU
		{F423993A-D734-4E35-AE9C-898DACFB5148}.Release|Any CPU.Build.0 = Release|Any CPU
		{F2D2902E-2CB5-4EEB-834D-5A8C0422C9EF}.Debug|Any CPU.ActiveCfg = Debug|Any CPU
		{F2D2902E-2CB5-4EEB-834D-5A8C0422C9EF}.Debug|Any CPU.Build.0 = Debug|Any CPU
		{F2D2902E-2CB5-4EEB-834D-5A8C0422C9EF}.Release|Any CPU.ActiveCfg = Release|Any CPU
		{F2D2902E-2CB5-4EEB-834D-5A8C0422C9EF}.Release|Any CPU.Build.0 = Release|Any CPU
		{1979F19E-C968-4978-A453-D99585A12E6B}.Debug|Any CPU.ActiveCfg = Debug|Any CPU
		{1979F19E-C968-4978-A453-D99585A12E6B}.Debug|Any CPU.Build.0 = Debug|Any CPU
		{1979F19E-C968-4978-A453-D99585A12E6B}.Release|Any CPU.ActiveCfg = Release|Any CPU
		{1979F19E-C968-4978-A453-D99585A12E6B}.Release|Any CPU.Build.0 = Release|Any CPU
		{CF7709EE-B6FC-4912-B4FC-B4276BB14681}.Debug|Any CPU.ActiveCfg = Debug|Any CPU
		{CF7709EE-B6FC-4912-B4FC-B4276BB14681}.Debug|Any CPU.Build.0 = Debug|Any CPU
		{CF7709EE-B6FC-4912-B4FC-B4276BB14681}.Release|Any CPU.ActiveCfg = Release|Any CPU
		{CF7709EE-B6FC-4912-B4FC-B4276BB14681}.Release|Any CPU.Build.0 = Release|Any CPU
	EndGlobalSection
EndGlobal
